
Microsoft Visual Studio Solution File, Format Version 12.00
# Visual Studio Version 17
VisualStudioVersion = 17.5.2.0
MinimumVisualStudioVersion = 10.0.40219.1
Project("{FAE04EC0-301F-11D3-BF4B-00C04F79EFBC}") = "MegaStorageRemote", "MegaStorageRemote.csproj", "{A9AB77F4-9135-7E3F-6A6A-C145868DE01D}"
EndProject
Global
	GlobalSection(SolutionConfigurationPlatforms) = preSolution
		Debug|Any CPU = Debug|Any CPU
		Debug|x64 = Debug|x64
		Debug|x86 = Debug|x86
		Release|Any CPU = Release|Any CPU
		Release|x64 = Release|x64
		Release|x86 = Release|x86
	EndGlobalSection
	GlobalSection(ProjectConfigurationPlatforms) = postSolution
		{A9AB77F4-9135-7E3F-6A6A-C145868DE01D}.Debug|Any CPU.ActiveCfg = Debug|Any CPU
		{A9AB77F4-9135-7E3F-6A6A-C145868DE01D}.Debug|Any CPU.Build.0 = Debug|Any CPU
		{A9AB77F4-9135-7E3F-6A6A-C145868DE01D}.Debug|x64.ActiveCfg = Debug|Any CPU
		{A9AB77F4-9135-7E3F-6A6A-C145868DE01D}.Debug|x64.Build.0 = Debug|Any CPU
		{A9AB77F4-9135-7E3F-6A6A-C145868DE01D}.Debug|x86.ActiveCfg = Debug|Any CPU
		{A9AB77F4-9135-7E3F-6A6A-C145868DE01D}.Debug|x86.Build.0 = Debug|Any CPU
		{A9AB77F4-9135-7E3F-6A6A-C145868DE01D}.Release|Any CPU.ActiveCfg = Release|Any CPU
		{A9AB77F4-9135-7E3F-6A6A-C145868DE01D}.Release|Any CPU.Build.0 = Release|Any CPU
		{A9AB77F4-9135-7E3F-6A6A-C145868DE01D}.Release|x64.ActiveCfg = Release|Any CPU
		{A9AB77F4-9135-7E3F-6A6A-C145868DE01D}.Release|x64.Build.0 = Release|Any CPU
		{A9AB77F4-9135-7E3F-6A6A-C145868DE01D}.Release|x86.ActiveCfg = Release|Any CPU
		{A9AB77F4-9135-7E3F-6A6A-C145868DE01D}.Release|x86.Build.0 = Release|Any CPU
		{FCC00B3F-9F29-4D5A-BAF9-679639390390}.Debug|Any CPU.ActiveCfg = Debug|Any CPU
		{FCC00B3F-9F29-4D5A-BAF9-679639390390}.Debug|Any CPU.Build.0 = Debug|Any CPU
		{FCC00B3F-9F29-4D5A-BAF9-679639390390}.Debug|x64.ActiveCfg = Debug|Any CPU
		{FCC00B3F-9F29-4D5A-BAF9-679639390390}.Debug|x64.Build.0 = Debug|Any CPU
		{FCC00B3F-9F29-4D5A-BAF9-679639390390}.Debug|x86.ActiveCfg = Debug|Any CPU
		{FCC00B3F-9F29-4D5A-BAF9-679639390390}.Debug|x86.Build.0 = Debug|Any CPU
		{FCC00B3F-9F29-4D5A-BAF9-679639390390}.Release|Any CPU.ActiveCfg = Release|Any CPU
		{FCC00B3F-9F29-4D5A-BAF9-679639390390}.Release|Any CPU.Build.0 = Release|Any CPU
		{FCC00B3F-9F29-4D5A-BAF9-679639390390}.Release|x64.ActiveCfg = Release|Any CPU
		{FCC00B3F-9F29-4D5A-BAF9-679639390390}.Release|x64.Build.0 = Release|Any CPU
		{FCC00B3F-9F29-4D5A-BAF9-679639390390}.Release|x86.ActiveCfg = Release|Any CPU
		{FCC00B3F-9F29-4D5A-BAF9-679639390390}.Release|x86.Build.0 = Release|Any CPU
	EndGlobalSection
	GlobalSection(SolutionProperties) = preSolution
		HideSolutionNode = FALSE
	EndGlobalSection
	GlobalSection(ExtensibilityGlobals) = postSolution
		SolutionGuid = {ECEFFBE6-C4FD-4528-BF01-BB66F168CE03}
	EndGlobalSection
EndGlobal
